
Microsoft Visual Studio Solution File, Format Version 12.00
# Visual Studio Version 17
VisualStudioVersion = 17.7.34031.279
MinimumVisualStudioVersion = 10.0.40219.1
Project("{2150E333-8FDC-42A3-9474-1A3956D46DE8}") = "Apresentacao", "Apresentacao", "{91ED5B65-5FC2-4B3C-8757-2DDE19CD0387}"
EndProject
Project("{2150E333-8FDC-42A3-9474-1A3956D46DE8}") = "Services", "Services", "{D6A3519D-B890-44C6-9B2F-5A4F55561671}"
EndProject
Project("{2150E333-8FDC-42A3-9474-1A3956D46DE8}") = "Produtos", "Produtos", "{C0E447E6-9E00-428B-B957-6534D50A6BB5}"
EndProject
Project("{2150E333-8FDC-42A3-9474-1A3956D46DE8}") = "1.Application", "1.Application", "{5E531BB4-2557-4880-AD64-93D0DC11E584}"
EndProject
Project("{2150E333-8FDC-42A3-9474-1A3956D46DE8}") = "2. Entity", "2. Entity", "{3ECD9CD9-EC74-4E23-AF64-E661A44CD975}"
EndProject
Project("{2150E333-8FDC-42A3-9474-1A3956D46DE8}") = "3. Infraestructure", "3. Infraestructure", "{BA099164-5220-436B-8708-A1959FF57A76}"
EndProject
Project("{2150E333-8FDC-42A3-9474-1A3956D46DE8}") = "Pedidos", "Pedidos", "{6789BCCE-6327-4051-A5E6-243F2FE05F30}"
EndProject
Project("{2150E333-8FDC-42A3-9474-1A3956D46DE8}") = "1.Application", "1.Application", "{40D40B36-510F-49D5-9AA5-9E8F98DF966E}"
EndProject
Project("{2150E333-8FDC-42A3-9474-1A3956D46DE8}") = "2. Entity", "2. Entity", "{8F262A40-BEDD-4E35-9454-47D639DC0951}"
EndProject
Project("{2150E333-8FDC-42A3-9474-1A3956D46DE8}") = "3. Infraestructure", "3. Infraestructure", "{7BCFEFA2-CF92-4F19-89E0-D78528AC9F01}"
EndProject
Project("{9A19103F-16F7-4668-BE54-9A1E7A4F7556}") = "DoaFacil.API", "Apresentacao\DoaFacil.API\DoaFacil.API.csproj", "{5C23A34E-C9B3-4256-AFFF-F8881ADD7922}"
EndProject
Project("{9A19103F-16F7-4668-BE54-9A1E7A4F7556}") = "DoaFacil.Pedidos.Application", "Pedidos\DoaFacil.Pedidos.Application\DoaFacil.Pedidos.Application.csproj", "{091564F1-033A-48FE-BD8F-C36D6025CB35}"
EndProject
Project("{9A19103F-16F7-4668-BE54-9A1E7A4F7556}") = "DoaFacil.Pedidos.Infra.Data", "Pedidos\DoaFacil.Pedidos.Infra.Data\DoaFacil.Pedidos.Infra.Data.csproj", "{09AD08AB-310C-4D42-9279-30F7377D5473}"
EndProject
Project("{9A19103F-16F7-4668-BE54-9A1E7A4F7556}") = "DoaFacil.Pedidos.Infra.Ioc", "Pedidos\DoaFacil.Pedidos.Infra.Ioc\DoaFacil.Pedidos.Infra.Ioc.csproj", "{2B357870-5DE2-4393-B1EF-D03660B23687}"
EndProject
Project("{9A19103F-16F7-4668-BE54-9A1E7A4F7556}") = "DoaFacil.Pedidos.Domain", "Pedidos\DoaFacil.Pedidos.Domain\DoaFacil.Pedidos.Domain.csproj", "{237D1E1F-6812-475D-BD62-34A1D30E0F06}"
EndProject
Project("{9A19103F-16F7-4668-BE54-9A1E7A4F7556}") = "DoaFacil.Estoque.Application", "Estoque\DoaFacil.Estoque.Application\DoaFacil.Estoque.Application.csproj", "{A5A17FA3-937E-4EE5-B299-E0A6D6B59E6D}"
EndProject
Project("{9A19103F-16F7-4668-BE54-9A1E7A4F7556}") = "DoaFacil.Estoque.Domain", "Estoque\DoaFacil.Estoque.Domain\DoaFacil.Estoque.Domain.csproj", "{862DC3EF-E420-4425-BCED-9B24F1CC8F2A}"
EndProject
Project("{9A19103F-16F7-4668-BE54-9A1E7A4F7556}") = "DoaFacil.Estoque.Infra.Data", "Estoque\DoaFacil.Estoque.Infra.Data\DoaFacil.Estoque.Infra.Data.csproj", "{237BF00C-4187-4C13-BFF1-97146A02074B}"
EndProject
Project("{9A19103F-16F7-4668-BE54-9A1E7A4F7556}") = "DoaFacil.Estoque.Infra.Ioc", "Estoque\DoaFacil.Estoque.Infra.Ioc\DoaFacil.Estoque.Infra.Ioc.csproj", "{9300EDA5-58AD-4BB5-A628-EB91D8F15D1B}"
EndProject
Project("{2150E333-8FDC-42A3-9474-1A3956D46DE8}") = "Building Blocks", "Building Blocks", "{8F01DCF6-6FAF-4AD2-9821-EF4D9B5C6B1D}"
EndProject
Project("{2150E333-8FDC-42A3-9474-1A3956D46DE8}") = "Core", "Core", "{BB284737-270D-4D29-8D60-0DDC647EDA19}"
EndProject
Project("{9A19103F-16F7-4668-BE54-9A1E7A4F7556}") = "DoaFacil.Core", "Building Blocks\DoaFacil.Core\DoaFacil.Core.csproj", "{C3021D96-FCA0-41A5-8CB5-D3AA2D06615E}"
EndProject
Project("{2150E333-8FDC-42A3-9474-1A3956D46DE8}") = "Src", "Src", "{0962DC60-7B63-44ED-A9D5-0E3570AA54D5}"
EndProject
Project("{2150E333-8FDC-42A3-9474-1A3956D46DE8}") = "Test", "Test", "{FBC37BA9-F48E-4302-9471-8F8864919DEE}"
EndProject
Project("{FAE04EC0-301F-11D3-BF4B-00C04F79EFBC}") = "DoaFacil.IntegrationTest", "test\DoaFacil.IntegrationTest\DoaFacil.IntegrationTest.csproj", "{3AB86630-F24B-4CA6-BFC9-0B8EF1A5B0D3}"
EndProject
Project("{9A19103F-16F7-4668-BE54-9A1E7A4F7556}") = "DoaFacil.UnityTest", "test\DoaFacil.UnityTest\DoaFacil.UnityTest.csproj", "{EA4AD115-605B-46B0-8FF6-57DF0B0156F9}"
EndProject
Global
	GlobalSection(SolutionConfigurationPlatforms) = preSolution
		Debug|Any CPU = Debug|Any CPU
		Release|Any CPU = Release|Any CPU
	EndGlobalSection
	GlobalSection(ProjectConfigurationPlatforms) = postSolution
		{5C23A34E-C9B3-4256-AFFF-F8881ADD7922}.Debug|Any CPU.ActiveCfg = Debug|Any CPU
		{5C23A34E-C9B3-4256-AFFF-F8881ADD7922}.Debug|Any CPU.Build.0 = Debug|Any CPU
		{5C23A34E-C9B3-4256-AFFF-F8881ADD7922}.Release|Any CPU.ActiveCfg = Release|Any CPU
		{5C23A34E-C9B3-4256-AFFF-F8881ADD7922}.Release|Any CPU.Build.0 = Release|Any CPU
		{091564F1-033A-48FE-BD8F-C36D6025CB35}.Debug|Any CPU.ActiveCfg = Debug|Any CPU
		{091564F1-033A-48FE-BD8F-C36D6025CB35}.Debug|Any CPU.Build.0 = Debug|Any CPU
		{091564F1-033A-48FE-BD8F-C36D6025CB35}.Release|Any CPU.ActiveCfg = Release|Any CPU
		{091564F1-033A-48FE-BD8F-C36D6025CB35}.Release|Any CPU.Build.0 = Release|Any CPU
		{09AD08AB-310C-4D42-9279-30F7377D5473}.Debug|Any CPU.ActiveCfg = Debug|Any CPU
		{09AD08AB-310C-4D42-9279-30F7377D5473}.Debug|Any CPU.Build.0 = Debug|Any CPU
		{09AD08AB-310C-4D42-9279-30F7377D5473}.Release|Any CPU.ActiveCfg = Release|Any CPU
		{09AD08AB-310C-4D42-9279-30F7377D5473}.Release|Any CPU.Build.0 = Release|Any CPU
		{2B357870-5DE2-4393-B1EF-D03660B23687}.Debug|Any CPU.ActiveCfg = Debug|Any CPU
		{2B357870-5DE2-4393-B1EF-D03660B23687}.Debug|Any CPU.Build.0 = Debug|Any CPU
		{2B357870-5DE2-4393-B1EF-D03660B23687}.Release|Any CPU.ActiveCfg = Release|Any CPU
		{2B357870-5DE2-4393-B1EF-D03660B23687}.Release|Any CPU.Build.0 = Release|Any CPU
		{237D1E1F-6812-475D-BD62-34A1D30E0F06}.Debug|Any CPU.ActiveCfg = Debug|Any CPU
		{237D1E1F-6812-475D-BD62-34A1D30E0F06}.Debug|Any CPU.Build.0 = Debug|Any CPU
		{237D1E1F-6812-475D-BD62-34A1D30E0F06}.Release|Any CPU.ActiveCfg = Release|Any CPU
		{237D1E1F-6812-475D-BD62-34A1D30E0F06}.Release|Any CPU.Build.0 = Release|Any CPU
		{A5A17FA3-937E-4EE5-B299-E0A6D6B59E6D}.Debug|Any CPU.ActiveCfg = Debug|Any CPU
		{A5A17FA3-937E-4EE5-B299-E0A6D6B59E6D}.Debug|Any CPU.Build.0 = Debug|Any CPU
		{A5A17FA3-937E-4EE5-B299-E0A6D6B59E6D}.Release|Any CPU.ActiveCfg = Release|Any CPU
		{A5A17FA3-937E-4EE5-B299-E0A6D6B59E6D}.Release|Any CPU.Build.0 = Release|Any CPU
		{862DC3EF-E420-4425-BCED-9B24F1CC8F2A}.Debug|Any CPU.ActiveCfg = Debug|Any CPU
		{862DC3EF-E420-4425-BCED-9B24F1CC8F2A}.Debug|Any CPU.Build.0 = Debug|Any CPU
		{862DC3EF-E420-4425-BCED-9B24F1CC8F2A}.Release|Any CPU.ActiveCfg = Release|Any CPU
		{862DC3EF-E420-4425-BCED-9B24F1CC8F2A}.Release|Any CPU.Build.0 = Release|Any CPU
		{237BF00C-4187-4C13-BFF1-97146A02074B}.Debug|Any CPU.ActiveCfg = Debug|Any CPU
		{237BF00C-4187-4C13-BFF1-97146A02074B}.Debug|Any CPU.Build.0 = Debug|Any CPU
		{237BF00C-4187-4C13-BFF1-97146A02074B}.Release|Any CPU.ActiveCfg = Release|Any CPU
		{237BF00C-4187-4C13-BFF1-97146A02074B}.Release|Any CPU.Build.0 = Release|Any CPU
		{9300EDA5-58AD-4BB5-A628-EB91D8F15D1B}.Debug|Any CPU.ActiveCfg = Debug|Any CPU
		{9300EDA5-58AD-4BB5-A628-EB91D8F15D1B}.Debug|Any CPU.Build.0 = Debug|Any CPU
		{9300EDA5-58AD-4BB5-A628-EB91D8F15D1B}.Release|Any CPU.ActiveCfg = Release|Any CPU
		{9300EDA5-58AD-4BB5-A628-EB91D8F15D1B}.Release|Any CPU.Build.0 = Release|Any CPU
		{C3021D96-FCA0-41A5-8CB5-D3AA2D06615E}.Debug|Any CPU.ActiveCfg = Debug|Any CPU
		{C3021D96-FCA0-41A5-8CB5-D3AA2D06615E}.Debug|Any CPU.Build.0 = Debug|Any CPU
		{C3021D96-FCA0-41A5-8CB5-D3AA2D06615E}.Release|Any CPU.ActiveCfg = Release|Any CPU
		{C3021D96-FCA0-41A5-8CB5-D3AA2D06615E}.Release|Any CPU.Build.0 = Release|Any CPU
		{3AB86630-F24B-4CA6-BFC9-0B8EF1A5B0D3}.Debug|Any CPU.ActiveCfg = Debug|Any CPU
		{3AB86630-F24B-4CA6-BFC9-0B8EF1A5B0D3}.Debug|Any CPU.Build.0 = Debug|Any CPU
		{3AB86630-F24B-4CA6-BFC9-0B8EF1A5B0D3}.Release|Any CPU.ActiveCfg = Release|Any CPU
		{3AB86630-F24B-4CA6-BFC9-0B8EF1A5B0D3}.Release|Any CPU.Build.0 = Release|Any CPU
		{EA4AD115-605B-46B0-8FF6-57DF0B0156F9}.Debug|Any CPU.ActiveCfg = Debug|Any CPU
		{EA4AD115-605B-46B0-8FF6-57DF0B0156F9}.Debug|Any CPU.Build.0 = Debug|Any CPU
		{EA4AD115-605B-46B0-8FF6-57DF0B0156F9}.Release|Any CPU.ActiveCfg = Release|Any CPU
		{EA4AD115-605B-46B0-8FF6-57DF0B0156F9}.Release|Any CPU.Build.0 = Release|Any CPU
	EndGlobalSection
	GlobalSection(SolutionProperties) = preSolution
		HideSolutionNode = FALSE
	EndGlobalSection
	GlobalSection(NestedProjects) = preSolution
		{91ED5B65-5FC2-4B3C-8757-2DDE19CD0387} = {0962DC60-7B63-44ED-A9D5-0E3570AA54D5}
		{D6A3519D-B890-44C6-9B2F-5A4F55561671} = {0962DC60-7B63-44ED-A9D5-0E3570AA54D5}
		{C0E447E6-9E00-428B-B957-6534D50A6BB5} = {D6A3519D-B890-44C6-9B2F-5A4F55561671}
		{5E531BB4-2557-4880-AD64-93D0DC11E584} = {C0E447E6-9E00-428B-B957-6534D50A6BB5}
		{3ECD9CD9-EC74-4E23-AF64-E661A44CD975} = {C0E447E6-9E00-428B-B957-6534D50A6BB5}
		{BA099164-5220-436B-8708-A1959FF57A76} = {C0E447E6-9E00-428B-B957-6534D50A6BB5}
		{6789BCCE-6327-4051-A5E6-243F2FE05F30} = {D6A3519D-B890-44C6-9B2F-5A4F55561671}
		{40D40B36-510F-49D5-9AA5-9E8F98DF966E} = {6789BCCE-6327-4051-A5E6-243F2FE05F30}
		{8F262A40-BEDD-4E35-9454-47D639DC0951} = {6789BCCE-6327-4051-A5E6-243F2FE05F30}
		{7BCFEFA2-CF92-4F19-89E0-D78528AC9F01} = {6789BCCE-6327-4051-A5E6-243F2FE05F30}
		{5C23A34E-C9B3-4256-AFFF-F8881ADD7922} = {91ED5B65-5FC2-4B3C-8757-2DDE19CD0387}
		{091564F1-033A-48FE-BD8F-C36D6025CB35} = {40D40B36-510F-49D5-9AA5-9E8F98DF966E}
		{09AD08AB-310C-4D42-9279-30F7377D5473} = {7BCFEFA2-CF92-4F19-89E0-D78528AC9F01}
		{2B357870-5DE2-4393-B1EF-D03660B23687} = {7BCFEFA2-CF92-4F19-89E0-D78528AC9F01}
		{237D1E1F-6812-475D-BD62-34A1D30E0F06} = {8F262A40-BEDD-4E35-9454-47D639DC0951}
		{A5A17FA3-937E-4EE5-B299-E0A6D6B59E6D} = {5E531BB4-2557-4880-AD64-93D0DC11E584}
		{862DC3EF-E420-4425-BCED-9B24F1CC8F2A} = {3ECD9CD9-EC74-4E23-AF64-E661A44CD975}
		{237BF00C-4187-4C13-BFF1-97146A02074B} = {BA099164-5220-436B-8708-A1959FF57A76}
		{9300EDA5-58AD-4BB5-A628-EB91D8F15D1B} = {BA099164-5220-436B-8708-A1959FF57A76}
		{8F01DCF6-6FAF-4AD2-9821-EF4D9B5C6B1D} = {0962DC60-7B63-44ED-A9D5-0E3570AA54D5}
		{BB284737-270D-4D29-8D60-0DDC647EDA19} = {8F01DCF6-6FAF-4AD2-9821-EF4D9B5C6B1D}
		{C3021D96-FCA0-41A5-8CB5-D3AA2D06615E} = {BB284737-270D-4D29-8D60-0DDC647EDA19}
		{3AB86630-F24B-4CA6-BFC9-0B8EF1A5B0D3} = {FBC37BA9-F48E-4302-9471-8F8864919DEE}
		{EA4AD115-605B-46B0-8FF6-57DF0B0156F9} = {FBC37BA9-F48E-4302-9471-8F8864919DEE}
	EndGlobalSection
	GlobalSection(ExtensibilityGlobals) = postSolution
		SolutionGuid = {14C645B0-E3DB-4195-90FC-DFC5F95C5E8E}
	EndGlobalSection
EndGlobal
